
Microsoft Visual Studio Solution File, Format Version 12.00
# Visual Studio 15
VisualStudioVersion = 15.0.27428.2015
MinimumVisualStudioVersion = 10.0.40219.1
Project("{FAE04EC0-301F-11D3-BF4B-00C04F79EFBC}") = "DisplayPopUp.Android", "DisplayPopUp\DisplayPopUp.Android\DisplayPopUp.Android.csproj", "{2E9F33A0-4959-4E83-86D4-A33046E7EAE1}"
EndProject
Project("{FAE04EC0-301F-11D3-BF4B-00C04F79EFBC}") = "DisplayPopUp.iOS", "DisplayPopUp\DisplayPopUp.iOS\DisplayPopUp.iOS.csproj", "{D0BA1B51-70E3-483A-9394-70FB57E60E69}"
EndProject
Project("{FAE04EC0-301F-11D3-BF4B-00C04F79EFBC}") = "DisplayPopUp.UWP", "DisplayPopUp\DisplayPopUp.UWP\DisplayPopUp.UWP.csproj", "{C1CFE7B2-9ADE-4A5F-BD50-7FD58300CF67}"
EndProject
Project("{FAE04EC0-301F-11D3-BF4B-00C04F79EFBC}") = "DisplayPopUp", "DisplayPopUp\DisplayPopUp\DisplayPopUp.csproj", "{54665A7B-64A8-49AF-A0D0-70B4EDC07A4C}"
EndProject
Global
	GlobalSection(SolutionConfigurationPlatforms) = preSolution
		Ad-Hoc|Any CPU = Ad-Hoc|Any CPU
		Ad-Hoc|ARM = Ad-Hoc|ARM
		Ad-Hoc|iPhone = Ad-Hoc|iPhone
		Ad-Hoc|iPhoneSimulator = Ad-Hoc|iPhoneSimulator
		Ad-Hoc|x64 = Ad-Hoc|x64
		Ad-Hoc|x86 = Ad-Hoc|x86
		AppStore|Any CPU = AppStore|Any CPU
		AppStore|ARM = AppStore|ARM
		AppStore|iPhone = AppStore|iPhone
		AppStore|iPhoneSimulator = AppStore|iPhoneSimulator
		AppStore|x64 = AppStore|x64
		AppStore|x86 = AppStore|x86
		Debug|Any CPU = Debug|Any CPU
		Debug|ARM = Debug|ARM
		Debug|iPhone = Debug|iPhone
		Debug|iPhoneSimulator = Debug|iPhoneSimulator
		Debug|x64 = Debug|x64
		Debug|x86 = Debug|x86
		Release|Any CPU = Release|Any CPU
		Release|ARM = Release|ARM
		Release|iPhone = Release|iPhone
		Release|iPhoneSimulator = Release|iPhoneSimulator
		Release|x64 = Release|x64
		Release|x86 = Release|x86
	EndGlobalSection
	GlobalSection(ProjectConfigurationPlatforms) = postSolution
		{2E9F33A0-4959-4E83-86D4-A33046E7EAE1}.Ad-Hoc|Any CPU.ActiveCfg = Release|Any CPU
		{2E9F33A0-4959-4E83-86D4-A33046E7EAE1}.Ad-Hoc|Any CPU.Build.0 = Release|Any CPU
		{2E9F33A0-4959-4E83-86D4-A33046E7EAE1}.Ad-Hoc|Any CPU.Deploy.0 = Release|Any CPU
		{2E9F33A0-4959-4E83-86D4-A33046E7EAE1}.Ad-Hoc|ARM.ActiveCfg = Release|Any CPU
		{2E9F33A0-4959-4E83-86D4-A33046E7EAE1}.Ad-Hoc|ARM.Build.0 = Release|Any CPU
		{2E9F33A0-4959-4E83-86D4-A33046E7EAE1}.Ad-Hoc|ARM.Deploy.0 = Release|Any CPU
		{2E9F33A0-4959-4E83-86D4-A33046E7EAE1}.Ad-Hoc|iPhone.ActiveCfg = Release|Any CPU
		{2E9F33A0-4959-4E83-86D4-A33046E7EAE1}.Ad-Hoc|iPhone.Build.0 = Release|Any CPU
		{2E9F33A0-4959-4E83-86D4-A33046E7EAE1}.Ad-Hoc|iPhone.Deploy.0 = Release|Any CPU
		{2E9F33A0-4959-4E83-86D4-A33046E7EAE1}.Ad-Hoc|iPhoneSimulator.ActiveCfg = Release|Any CPU
		{2E9F33A0-4959-4E83-86D4-A33046E7EAE1}.Ad-Hoc|iPhoneSimulator.Build.0 = Release|Any CPU
		{2E9F33A0-4959-4E83-86D4-A33046E7EAE1}.Ad-Hoc|iPhoneSimulator.Deploy.0 = Release|Any CPU
		{2E9F33A0-4959-4E83-86D4-A33046E7EAE1}.Ad-Hoc|x64.ActiveCfg = Release|Any CPU
		{2E9F33A0-4959-4E83-86D4-A33046E7EAE1}.Ad-Hoc|x64.Build.0 = Release|Any CPU
		{2E9F33A0-4959-4E83-86D4-A33046E7EAE1}.Ad-Hoc|x64.Deploy.0 = Release|Any CPU
		{2E9F33A0-4959-4E83-86D4-A33046E7EAE1}.Ad-Hoc|x86.ActiveCfg = Release|Any CPU
		{2E9F33A0-4959-4E83-86D4-A33046E7EAE1}.Ad-Hoc|x86.Build.0 = Release|Any CPU
		{2E9F33A0-4959-4E83-86D4-A33046E7EAE1}.Ad-Hoc|x86.Deploy.0 = Release|Any CPU
		{2E9F33A0-4959-4E83-86D4-A33046E7EAE1}.AppStore|Any CPU.ActiveCfg = Release|Any CPU
		{2E9F33A0-4959-4E83-86D4-A33046E7EAE1}.AppStore|Any CPU.Build.0 = Release|Any CPU
		{2E9F33A0-4959-4E83-86D4-A33046E7EAE1}.AppStore|Any CPU.Deploy.0 = Release|Any CPU
		{2E9F33A0-4959-4E83-86D4-A33046E7EAE1}.AppStore|ARM.ActiveCfg = Release|Any CPU
		{2E9F33A0-4959-4E83-86D4-A33046E7EAE1}.AppStore|ARM.Build.0 = Release|Any CPU
		{2E9F33A0-4959-4E83-86D4-A33046E7EAE1}.AppStore|ARM.Deploy.0 = Release|Any CPU
		{2E9F33A0-4959-4E83-86D4-A33046E7EAE1}.AppStore|iPhone.ActiveCfg = Release|Any CPU
		{2E9F33A0-4959-4E83-86D4-A33046E7EAE1}.AppStore|iPhone.Build.0 = Release|Any CPU
		{2E9F33A0-4959-4E83-86D4-A33046E7EAE1}.AppStore|iPhone.Deploy.0 = Release|Any CPU
		{2E9F33A0-4959-4E83-86D4-A33046E7EAE1}.AppStore|iPhoneSimulator.ActiveCfg = Release|Any CPU
		{2E9F33A0-4959-4E83-86D4-A33046E7EAE1}.AppStore|iPhoneSimulator.Build.0 = Release|Any CPU
		{2E9F33A0-4959-4E83-86D4-A33046E7EAE1}.AppStore|iPhoneSimulator.Deploy.0 = Release|Any CPU
		{2E9F33A0-4959-4E83-86D4-A33046E7EAE1}.AppStore|x64.ActiveCfg = Release|Any CPU
		{2E9F33A0-4959-4E83-86D4-A33046E7EAE1}.AppStore|x64.Build.0 = Release|Any CPU
		{2E9F33A0-4959-4E83-86D4-A33046E7EAE1}.AppStore|x64.Deploy.0 = Release|Any CPU
		{2E9F33A0-4959-4E83-86D4-A33046E7EAE1}.AppStore|x86.ActiveCfg = Release|Any CPU
		{2E9F33A0-4959-4E83-86D4-A33046E7EAE1}.AppStore|x86.Build.0 = Release|Any CPU
		{2E9F33A0-4959-4E83-86D4-A33046E7EAE1}.AppStore|x86.Deploy.0 = Release|Any CPU
		{2E9F33A0-4959-4E83-86D4-A33046E7EAE1}.Debug|Any CPU.ActiveCfg = Debug|Any CPU
		{2E9F33A0-4959-4E83-86D4-A33046E7EAE1}.Debug|Any CPU.Build.0 = Debug|Any CPU
		{2E9F33A0-4959-4E83-86D4-A33046E7EAE1}.Debug|Any CPU.Deploy.0 = Debug|Any CPU
		{2E9F33A0-4959-4E83-86D4-A33046E7EAE1}.Debug|ARM.ActiveCfg = Debug|Any CPU
		{2E9F33A0-4959-4E83-86D4-A33046E7EAE1}.Debug|ARM.Build.0 = Debug|Any CPU
		{2E9F33A0-4959-4E83-86D4-A33046E7EAE1}.Debug|ARM.Deploy.0 = Debug|Any CPU
		{2E9F33A0-4959-4E83-86D4-A33046E7EAE1}.Debug|iPhone.ActiveCfg = Debug|Any CPU
		{2E9F33A0-4959-4E83-86D4-A33046E7EAE1}.Debug|iPhone.Build.0 = Debug|Any CPU
		{2E9F33A0-4959-4E83-86D4-A33046E7EAE1}.Debug|iPhone.Deploy.0 = Debug|Any CPU
		{2E9F33A0-4959-4E83-86D4-A33046E7EAE1}.Debug|iPhoneSimulator.ActiveCfg = Debug|Any CPU
		{2E9F33A0-4959-4E83-86D4-A33046E7EAE1}.Debug|iPhoneSimulator.Build.0 = Debug|Any CPU
		{2E9F33A0-4959-4E83-86D4-A33046E7EAE1}.Debug|iPhoneSimulator.Deploy.0 = Debug|Any CPU
		{2E9F33A0-4959-4E83-86D4-A33046E7EAE1}.Debug|x64.ActiveCfg = Debug|Any CPU
		{2E9F33A0-4959-4E83-86D4-A33046E7EAE1}.Debug|x64.Build.0 = Debug|Any CPU
		{2E9F33A0-4959-4E83-86D4-A33046E7EAE1}.Debug|x64.Deploy.0 = Debug|Any CPU
		{2E9F33A0-4959-4E83-86D4-A33046E7EAE1}.Debug|x86.ActiveCfg = Debug|Any CPU
		{2E9F33A0-4959-4E83-86D4-A33046E7EAE1}.Debug|x86.Build.0 = Debug|Any CPU
		{2E9F33A0-4959-4E83-86D4-A33046E7EAE1}.Debug|x86.Deploy.0 = Debug|Any CPU
		{2E9F33A0-4959-4E83-86D4-A33046E7EAE1}.Release|Any CPU.ActiveCfg = Release|Any CPU
		{2E9F33A0-4959-4E83-86D4-A33046E7EAE1}.Release|Any CPU.Build.0 = Release|Any CPU
		{2E9F33A0-4959-4E83-86D4-A33046E7EAE1}.Release|Any CPU.Deploy.0 = Release|Any CPU
		{2E9F33A0-4959-4E83-86D4-A33046E7EAE1}.Release|ARM.ActiveCfg = Release|Any CPU
		{2E9F33A0-4959-4E83-86D4-A33046E7EAE1}.Release|ARM.Build.0 = Release|Any CPU
		{2E9F33A0-4959-4E83-86D4-A33046E7EAE1}.Release|ARM.Deploy.0 = Release|Any CPU
		{2E9F33A0-4959-4E83-86D4-A33046E7EAE1}.Release|iPhone.ActiveCfg = Release|Any CPU
		{2E9F33A0-4959-4E83-86D4-A33046E7EAE1}.Release|iPhone.Build.0 = Release|Any CPU
		{2E9F33A0-4959-4E83-86D4-A33046E7EAE1}.Release|iPhone.Deploy.0 = Release|Any CPU
		{2E9F33A0-4959-4E83-86D4-A33046E7EAE1}.Release|iPhoneSimulator.ActiveCfg = Release|Any CPU
		{2E9F33A0-4959-4E83-86D4-A33046E7EAE1}.Release|iPhoneSimulator.Build.0 = Release|Any CPU
		{2E9F33A0-4959-4E83-86D4-A33046E7EAE1}.Release|iPhoneSimulator.Deploy.0 = Release|Any CPU
		{2E9F33A0-4959-4E83-86D4-A33046E7EAE1}.Release|x64.ActiveCfg = Release|Any CPU
		{2E9F33A0-4959-4E83-86D4-A33046E7EAE1}.Release|x64.Build.0 = Release|Any CPU
		{2E9F33A0-4959-4E83-86D4-A33046E7EAE1}.Release|x64.Deploy.0 = Release|Any CPU
		{2E9F33A0-4959-4E83-86D4-A33046E7EAE1}.Release|x86.ActiveCfg = Release|Any CPU
		{2E9F33A0-4959-4E83-86D4-A33046E7EAE1}.Release|x86.Build.0 = Release|Any CPU
		{2E9F33A0-4959-4E83-86D4-A33046E7EAE1}.Release|x86.Deploy.0 = Release|Any CPU
		{D0BA1B51-70E3-483A-9394-70FB57E60E69}.Ad-Hoc|Any CPU.ActiveCfg = Ad-Hoc|iPhone
		{D0BA1B51-70E3-483A-9394-70FB57E60E69}.Ad-Hoc|ARM.ActiveCfg = Ad-Hoc|iPhone
		{D0BA1B51-70E3-483A-9394-70FB57E60E69}.Ad-Hoc|iPhone.ActiveCfg = Ad-Hoc|iPhone
		{D0BA1B51-70E3-483A-9394-70FB57E60E69}.Ad-Hoc|iPhone.Build.0 = Ad-Hoc|iPhone
		{D0BA1B51-70E3-483A-9394-70FB57E60E69}.Ad-Hoc|iPhoneSimulator.ActiveCfg = Ad-Hoc|iPhoneSimulator
		{D0BA1B51-70E3-483A-9394-70FB57E60E69}.Ad-Hoc|iPhoneSimulator.Build.0 = Ad-Hoc|iPhoneSimulator
		{D0BA1B51-70E3-483A-9394-70FB57E60E69}.Ad-Hoc|x64.ActiveCfg = Ad-Hoc|iPhone
		{D0BA1B51-70E3-483A-9394-70FB57E60E69}.Ad-Hoc|x86.ActiveCfg = Ad-Hoc|iPhone
		{D0BA1B51-70E3-483A-9394-70FB57E60E69}.AppStore|Any CPU.ActiveCfg = AppStore|iPhone
		{D0BA1B51-70E3-483A-9394-70FB57E60E69}.AppStore|ARM.ActiveCfg = AppStore|iPhone
		{D0BA1B51-70E3-483A-9394-70FB57E60E69}.AppStore|iPhone.ActiveCfg = AppStore|iPhone
		{D0BA1B51-70E3-483A-9394-70FB57E60E69}.AppStore|iPhone.Build.0 = AppStore|iPhone
		{D0BA1B51-70E3-483A-9394-70FB57E60E69}.AppStore|iPhoneSimulator.ActiveCfg = AppStore|iPhoneSimulator
		{D0BA1B51-70E3-483A-9394-70FB57E60E69}.AppStore|iPhoneSimulator.Build.0 = AppStore|iPhoneSimulator
		{D0BA1B51-70E3-483A-9394-70FB57E60E69}.AppStore|x64.ActiveCfg = AppStore|iPhone
		{D0BA1B51-70E3-483A-9394-70FB57E60E69}.AppStore|x86.ActiveCfg = AppStore|iPhone
		{D0BA1B51-70E3-483A-9394-70FB57E60E69}.Debug|Any CPU.ActiveCfg = Debug|iPhone
		{D0BA1B51-70E3-483A-9394-70FB57E60E69}.Debug|ARM.ActiveCfg = Debug|iPhone
		{D0BA1B51-70E3-483A-9394-70FB57E60E69}.Debug|iPhone.ActiveCfg = Debug|iPhone
		{D0BA1B51-70E3-483A-9394-70FB57E60E69}.Debug|iPhone.Build.0 = Debug|iPhone
		{D0BA1B51-70E3-483A-9394-70FB57E60E69}.Debug|iPhoneSimulator.ActiveCfg = Debug|iPhoneSimulator
		{D0BA1B51-70E3-483A-9394-70FB57E60E69}.Debug|iPhoneSimulator.Build.0 = Debug|iPhoneSimulator
		{D0BA1B51-70E3-483A-9394-70FB57E60E69}.Debug|x64.ActiveCfg = Debug|iPhone
		{D0BA1B51-70E3-483A-9394-70FB57E60E69}.Debug|x86.ActiveCfg = Debug|iPhone
		{D0BA1B51-70E3-483A-9394-70FB57E60E69}.Release|Any CPU.ActiveCfg = Release|iPhone
		{D0BA1B51-70E3-483A-9394-70FB57E60E69}.Release|ARM.ActiveCfg = Release|iPhone
		{D0BA1B51-70E3-483A-9394-70FB57E60E69}.Release|iPhone.ActiveCfg = Release|iPhone
		{D0BA1B51-70E3-483A-9394-70FB57E60E69}.Release|iPhone.Build.0 = Release|iPhone
		{D0BA1B51-70E3-483A-9394-70FB57E60E69}.Release|iPhoneSimulator.ActiveCfg = Release|iPhoneSimulator
		{D0BA1B51-70E3-483A-9394-70FB57E60E69}.Release|iPhoneSimulator.Build.0 = Release|iPhoneSimulator
		{D0BA1B51-70E3-483A-9394-70FB57E60E69}.Release|x64.ActiveCfg = Release|iPhone
		{D0BA1B51-70E3-483A-9394-70FB57E60E69}.Release|x86.ActiveCfg = Release|iPhone
		{C1CFE7B2-9ADE-4A5F-BD50-7FD58300CF67}.Ad-Hoc|Any CPU.ActiveCfg = Release|x86
		{C1CFE7B2-9ADE-4A5F-BD50-7FD58300CF67}.Ad-Hoc|Any CPU.Build.0 = Release|x86
		{C1CFE7B2-9ADE-4A5F-BD50-7FD58300CF67}.Ad-Hoc|Any CPU.Deploy.0 = Release|x86
		{C1CFE7B2-9ADE-4A5F-BD50-7FD58300CF67}.Ad-Hoc|ARM.ActiveCfg = Release|ARM
		{C1CFE7B2-9ADE-4A5F-BD50-7FD58300CF67}.Ad-Hoc|ARM.Build.0 = Release|ARM
		{C1CFE7B2-9ADE-4A5F-BD50-7FD58300CF67}.Ad-Hoc|ARM.Deploy.0 = Release|ARM
		{C1CFE7B2-9ADE-4A5F-BD50-7FD58300CF67}.Ad-Hoc|iPhone.ActiveCfg = Release|x86
		{C1CFE7B2-9ADE-4A5F-BD50-7FD58300CF67}.Ad-Hoc|iPhone.Build.0 = Release|x86
		{C1CFE7B2-9ADE-4A5F-BD50-7FD58300CF67}.Ad-Hoc|iPhone.Deploy.0 = Release|x86
		{C1CFE7B2-9ADE-4A5F-BD50-7FD58300CF67}.Ad-Hoc|iPhoneSimulator.ActiveCfg = Release|x86
		{C1CFE7B2-9ADE-4A5F-BD50-7FD58300CF67}.Ad-Hoc|iPhoneSimulator.Build.0 = Release|x86
		{C1CFE7B2-9ADE-4A5F-BD50-7FD58300CF67}.Ad-Hoc|iPhoneSimulator.Deploy.0 = Release|x86
		{C1CFE7B2-9ADE-4A5F-BD50-7FD58300CF67}.Ad-Hoc|x64.ActiveCfg = Release|x64
		{C1CFE7B2-9ADE-4A5F-BD50-7FD58300CF67}.Ad-Hoc|x64.Build.0 = Release|x64
		{C1CFE7B2-9ADE-4A5F-BD50-7FD58300CF67}.Ad-Hoc|x64.Deploy.0 = Release|x64
		{C1CFE7B2-9ADE-4A5F-BD50-7FD58300CF67}.Ad-Hoc|x86.ActiveCfg = Release|x86
		{C1CFE7B2-9ADE-4A5F-BD50-7FD58300CF67}.Ad-Hoc|x86.Build.0 = Release|x86
		{C1CFE7B2-9ADE-4A5F-BD50-7FD58300CF67}.Ad-Hoc|x86.Deploy.0 = Release|x86
		{C1CFE7B2-9ADE-4A5F-BD50-7FD58300CF67}.AppStore|Any CPU.ActiveCfg = Release|x86
		{C1CFE7B2-9ADE-4A5F-BD50-7FD58300CF67}.AppStore|Any CPU.Build.0 = Release|x86
		{C1CFE7B2-9ADE-4A5F-BD50-7FD58300CF67}.AppStore|Any CPU.Deploy.0 = Release|x86
		{C1CFE7B2-9ADE-4A5F-BD50-7FD58300CF67}.AppStore|ARM.ActiveCfg = Release|ARM
		{C1CFE7B2-9ADE-4A5F-BD50-7FD58300CF67}.AppStore|ARM.Build.0 = Release|ARM
		{C1CFE7B2-9ADE-4A5F-BD50-7FD58300CF67}.AppStore|ARM.Deploy.0 = Release|ARM
		{C1CFE7B2-9ADE-4A5F-BD50-7FD58300CF67}.AppStore|iPhone.ActiveCfg = Release|x86
		{C1CFE7B2-9ADE-4A5F-BD50-7FD58300CF67}.AppStore|iPhone.Build.0 = Release|x86
		{C1CFE7B2-9ADE-4A5F-BD50-7FD58300CF67}.AppStore|iPhone.Deploy.0 = Release|x86
		{C1CFE7B2-9ADE-4A5F-BD50-7FD58300CF67}.AppStore|iPhoneSimulator.ActiveCfg = Release|x86
		{C1CFE7B2-9ADE-4A5F-BD50-7FD58300CF67}.AppStore|iPhoneSimulator.Build.0 = Release|x86
		{C1CFE7B2-9ADE-4A5F-BD50-7FD58300CF67}.AppStore|iPhoneSimulator.Deploy.0 = Release|x86
		{C1CFE7B2-9ADE-4A5F-BD50-7FD58300CF67}.AppStore|x64.ActiveCfg = Release|x64
		{C1CFE7B2-9ADE-4A5F-BD50-7FD58300CF67}.AppStore|x64.Build.0 = Release|x64
		{C1CFE7B2-9ADE-4A5F-BD50-7FD58300CF67}.AppStore|x64.Deploy.0 = Release|x64
		{C1CFE7B2-9ADE-4A5F-BD50-7FD58300CF67}.AppStore|x86.ActiveCfg = Release|x86
		{C1CFE7B2-9ADE-4A5F-BD50-7FD58300CF67}.AppStore|x86.Build.0 = Release|x86
		{C1CFE7B2-9ADE-4A5F-BD50-7FD58300CF67}.AppStore|x86.Deploy.0 = Release|x86
		{C1CFE7B2-9ADE-4A5F-BD50-7FD58300CF67}.Debug|Any CPU.ActiveCfg = Debug|x86
		{C1CFE7B2-9ADE-4A5F-BD50-7FD58300CF67}.Debug|ARM.ActiveCfg = Debug|ARM
		{C1CFE7B2-9ADE-4A5F-BD50-7FD58300CF67}.Debug|ARM.Build.0 = Debug|ARM
		{C1CFE7B2-9ADE-4A5F-BD50-7FD58300CF67}.Debug|ARM.Deploy.0 = Debug|ARM
		{C1CFE7B2-9ADE-4A5F-BD50-7FD58300CF67}.Debug|iPhone.ActiveCfg = Debug|x86
		{C1CFE7B2-9ADE-4A5F-BD50-7FD58300CF67}.Debug|iPhoneSimulator.ActiveCfg = Debug|x86
		{C1CFE7B2-9ADE-4A5F-BD50-7FD58300CF67}.Debug|x64.ActiveCfg = Debug|x64
		{C1CFE7B2-9ADE-4A5F-BD50-7FD58300CF67}.Debug|x64.Build.0 = Debug|x64
		{C1CFE7B2-9ADE-4A5F-BD50-7FD58300CF67}.Debug|x64.Deploy.0 = Debug|x64
		{C1CFE7B2-9ADE-4A5F-BD50-7FD58300CF67}.Debug|x86.ActiveCfg = Debug|x86
		{C1CFE7B2-9ADE-4A5F-BD50-7FD58300CF67}.Debug|x86.Build.0 = Debug|x86
		{C1CFE7B2-9ADE-4A5F-BD50-7FD58300CF67}.Debug|x86.Deploy.0 = Debug|x86
		{C1CFE7B2-9ADE-4A5F-BD50-7FD58300CF67}.Release|Any CPU.ActiveCfg = Release|x86
		{C1CFE7B2-9ADE-4A5F-BD50-7FD58300CF67}.Release|ARM.ActiveCfg = Release|ARM
		{C1CFE7B2-9ADE-4A5F-BD50-7FD58300CF67}.Release|ARM.Build.0 = Release|ARM
		{C1CFE7B2-9ADE-4A5F-BD50-7FD58300CF67}.Release|ARM.Deploy.0 = Release|ARM
		{C1CFE7B2-9ADE-4A5F-BD50-7FD58300CF67}.Release|iPhone.ActiveCfg = Release|x86
		{C1CFE7B2-9ADE-4A5F-BD50-7FD58300CF67}.Release|iPhoneSimulator.ActiveCfg = Release|x86
		{C1CFE7B2-9ADE-4A5F-BD50-7FD58300CF67}.Release|x64.ActiveCfg = Release|x64
		{C1CFE7B2-9ADE-4A5F-BD50-7FD58300CF67}.Release|x64.Build.0 = Release|x64
		{C1CFE7B2-9ADE-4A5F-BD50-7FD58300CF67}.Release|x64.Deploy.0 = Release|x64
		{C1CFE7B2-9ADE-4A5F-BD50-7FD58300CF67}.Release|x86.ActiveCfg = Release|x86
		{C1CFE7B2-9ADE-4A5F-BD50-7FD58300CF67}.Release|x86.Build.0 = Release|x86
		{C1CFE7B2-9ADE-4A5F-BD50-7FD58300CF67}.Release|x86.Deploy.0 = Release|x86
		{54665A7B-64A8-49AF-A0D0-70B4EDC07A4C}.Ad-Hoc|Any CPU.ActiveCfg = Debug|Any CPU
		{54665A7B-64A8-49AF-A0D0-70B4EDC07A4C}.Ad-Hoc|Any CPU.Build.0 = Debug|Any CPU
		{54665A7B-64A8-49AF-A0D0-70B4EDC07A4C}.Ad-Hoc|ARM.ActiveCfg = Debug|Any CPU
		{54665A7B-64A8-49AF-A0D0-70B4EDC07A4C}.Ad-Hoc|ARM.Build.0 = Debug|Any CPU
		{54665A7B-64A8-49AF-A0D0-70B4EDC07A4C}.Ad-Hoc|iPhone.ActiveCfg = Debug|Any CPU
		{54665A7B-64A8-49AF-A0D0-70B4EDC07A4C}.Ad-Hoc|iPhone.Build.0 = Debug|Any CPU
		{54665A7B-64A8-49AF-A0D0-70B4EDC07A4C}.Ad-Hoc|iPhoneSimulator.ActiveCfg = Debug|Any CPU
		{54665A7B-64A8-49AF-A0D0-70B4EDC07A4C}.Ad-Hoc|iPhoneSimulator.Build.0 = Debug|Any CPU
		{54665A7B-64A8-49AF-A0D0-70B4EDC07A4C}.Ad-Hoc|x64.ActiveCfg = Debug|Any CPU
		{54665A7B-64A8-49AF-A0D0-70B4EDC07A4C}.Ad-Hoc|x64.Build.0 = Debug|Any CPU
		{54665A7B-64A8-49AF-A0D0-70B4EDC07A4C}.Ad-Hoc|x86.ActiveCfg = Debug|Any CPU
		{54665A7B-64A8-49AF-A0D0-70B4EDC07A4C}.Ad-Hoc|x86.Build.0 = Debug|Any CPU
		{54665A7B-64A8-49AF-A0D0-70B4EDC07A4C}.AppStore|Any CPU.ActiveCfg = Debug|Any CPU
		{54665A7B-64A8-49AF-A0D0-70B4EDC07A4C}.AppStore|Any CPU.Build.0 = Debug|Any CPU
		{54665A7B-64A8-49AF-A0D0-70B4EDC07A4C}.AppStore|ARM.ActiveCfg = Debug|Any CPU
		{54665A7B-64A8-49AF-A0D0-70B4EDC07A4C}.AppStore|ARM.Build.0 = Debug|Any CPU
		{54665A7B-64A8-49AF-A0D0-70B4EDC07A4C}.AppStore|iPhone.ActiveCfg = Debug|Any CPU
		{54665A7B-64A8-49AF-A0D0-70B4EDC07A4C}.AppStore|iPhone.Build.0 = Debug|Any CPU
		{54665A7B-64A8-49AF-A0D0-70B4EDC07A4C}.AppStore|iPhoneSimulator.ActiveCfg = Debug|Any CPU
		{54665A7B-64A8-49AF-A0D0-70B4EDC07A4C}.AppStore|iPhoneSimulator.Build.0 = Debug|Any CPU
		{54665A7B-64A8-49AF-A0D0-70B4EDC07A4C}.AppStore|x64.ActiveCfg = Debug|Any CPU
		{54665A7B-64A8-49AF-A0D0-70B4EDC07A4C}.AppStore|x64.Build.0 = Debug|Any CPU
		{54665A7B-64A8-49AF-A0D0-70B4EDC07A4C}.AppStore|x86.ActiveCfg = Debug|Any CPU
		{54665A7B-64A8-49AF-A0D0-70B4EDC07A4C}.AppStore|x86.Build.0 = Debug|Any CPU
		{54665A7B-64A8-49AF-A0D0-70B4EDC07A4C}.Debug|Any CPU.ActiveCfg = Debug|Any CPU
		{54665A7B-64A8-49AF-A0D0-70B4EDC07A4C}.Debug|Any CPU.Build.0 = Debug|Any CPU
		{54665A7B-64A8-49AF-A0D0-70B4EDC07A4C}.Debug|ARM.ActiveCfg = Debug|Any CPU
		{54665A7B-64A8-49AF-A0D0-70B4EDC07A4C}.Debug|ARM.Build.0 = Debug|Any CPU
		{54665A7B-64A8-49AF-A0D0-70B4EDC07A4C}.Debug|iPhone.ActiveCfg = Debug|Any CPU
		{54665A7B-64A8-49AF-A0D0-70B4EDC07A4C}.Debug|iPhone.Build.0 = Debug|Any CPU
		{54665A7B-64A8-49AF-A0D0-70B4EDC07A4C}.Debug|iPhoneSimulator.ActiveCfg = Debug|Any CPU
		{54665A7B-64A8-49AF-A0D0-70B4EDC07A4C}.Debug|iPhoneSimulator.Build.0 = Debug|Any CPU
		{54665A7B-64A8-49AF-A0D0-70B4EDC07A4C}.Debug|x64.ActiveCfg = Debug|Any CPU
		{54665A7B-64A8-49AF-A0D0-70B4EDC07A4C}.Debug|x64.Build.0 = Debug|Any CPU
		{54665A7B-64A8-49AF-A0D0-70B4EDC07A4C}.Debug|x86.ActiveCfg = Debug|Any CPU
		{54665A7B-64A8-49AF-A0D0-70B4EDC07A4C}.Debug|x86.Build.0 = Debug|Any CPU
		{54665A7B-64A8-49AF-A0D0-70B4EDC07A4C}.Release|Any CPU.ActiveCfg = Release|Any CPU
		{54665A7B-64A8-49AF-A0D0-70B4EDC07A4C}.Release|Any CPU.Build.0 = Release|Any CPU
		{54665A7B-64A8-49AF-A0D0-70B4EDC07A4C}.Release|ARM.ActiveCfg = Release|Any CPU
		{54665A7B-64A8-49AF-A0D0-70B4EDC07A4C}.Release|ARM.Build.0 = Release|Any CPU
		{54665A7B-64A8-49AF-A0D0-70B4EDC07A4C}.Release|iPhone.ActiveCfg = Release|Any CPU
		{54665A7B-64A8-49AF-A0D0-70B4EDC07A4C}.Release|iPhone.Build.0 = Release|Any CPU
		{54665A7B-64A8-49AF-A0D0-70B4EDC07A4C}.Release|iPhoneSimulator.ActiveCfg = Release|Any CPU
		{54665A7B-64A8-49AF-A0D0-70B4EDC07A4C}.Release|iPhoneSimulator.Build.0 = Release|Any CPU
		{54665A7B-64A8-49AF-A0D0-70B4EDC07A4C}.Release|x64.ActiveCfg = Release|Any CPU
		{54665A7B-64A8-49AF-A0D0-70B4EDC07A4C}.Release|x64.Build.0 = Release|Any CPU
		{54665A7B-64A8-49AF-A0D0-70B4EDC07A4C}.Release|x86.ActiveCfg = Release|Any CPU
		{54665A7B-64A8-49AF-A0D0-70B4EDC07A4C}.Release|x86.Build.0 = Release|Any CPU
	EndGlobalSection
	GlobalSection(SolutionProperties) = preSolution
		HideSolutionNode = FALSE
	EndGlobalSection
	GlobalSection(ExtensibilityGlobals) = postSolution
		SolutionGuid = {B7466E18-08CB-48F0-9277-973E8B814506}
	EndGlobalSection
EndGlobal
